// !$*UTF8*$!
{
	archiveVersion = 1;
	classes = {
	};
	objectVersion = 50;
	objects = {

/* Begin PBXBuildFile section */
		764BBF2823FB0D56007C188C /* AppDelegate.swift in Sources */ = {isa = PBXBuildFile; fileRef = 764BBF2723FB0D56007C188C /* AppDelegate.swift */; };
		764BBF2A23FB0D56007C188C /* SceneDelegate.swift in Sources */ = {isa = PBXBuildFile; fileRef = 764BBF2923FB0D56007C188C /* SceneDelegate.swift */; };
		764BBF2C23FB0D56007C188C /* ViewController.swift in Sources */ = {isa = PBXBuildFile; fileRef = 764BBF2B23FB0D56007C188C /* ViewController.swift */; };
		764BBF2F23FB0D56007C188C /* Main.storyboard in Resources */ = {isa = PBXBuildFile; fileRef = 764BBF2D23FB0D56007C188C /* Main.storyboard */; };
		764BBF3223FB0D56007C188C /* Contact.xcdatamodeld in Sources */ = {isa = PBXBuildFile; fileRef = 764BBF3023FB0D56007C188C /* Contact.xcdatamodeld */; };
		764BBF3423FB0D58007C188C /* Assets.xcassets in Resources */ = {isa = PBXBuildFile; fileRef = 764BBF3323FB0D58007C188C /* Assets.xcassets */; };
		764BBF3723FB0D58007C188C /* LaunchScreen.storyboard in Resources */ = {isa = PBXBuildFile; fileRef = 764BBF3523FB0D58007C188C /* LaunchScreen.storyboard */; };
		764BBF4223FB0D58007C188C /* ContactTests.swift in Sources */ = {isa = PBXBuildFile; fileRef = 764BBF4123FB0D58007C188C /* ContactTests.swift */; };
/* End PBXBuildFile section */

/* Begin PBXContainerItemProxy section */
		764BBF3E23FB0D58007C188C /* PBXContainerItemProxy */ = {
			isa = PBXContainerItemProxy;
			containerPortal = 764BBF1C23FB0D56007C188C /* Project object */;
			proxyType = 1;
			remoteGlobalIDString = 764BBF2323FB0D56007C188C;
			remoteInfo = Contact;
		};
/* End PBXContainerItemProxy section */

/* Begin PBXFileReference section */
		764BBF2423FB0D56007C188C /* Contact.app */ = {isa = PBXFileReference; explicitFileType = wrapper.application; includeInIndex = 0; path = Contact.app; sourceTree = BUILT_PRODUCTS_DIR; };
		764BBF2723FB0D56007C188C /* AppDelegate.swift */ = {isa = PBXFileReference; lastKnownFileType = sourcecode.swift; path = AppDelegate.swift; sourceTree = "<group>"; };
		764BBF2923FB0D56007C188C /* SceneDelegate.swift */ = {isa = PBXFileReference; lastKnownFileType = sourcecode.swift; path = SceneDelegate.swift; sourceTree = "<group>"; };
		764BBF2B23FB0D56007C188C /* ViewController.swift */ = {isa = PBXFileReference; lastKnownFileType = sourcecode.swift; path = ViewController.swift; sourceTree = "<group>"; };
		764BBF2E23FB0D56007C188C /* Base */ = {isa = PBXFileReference; lastKnownFileType = file.storyboard; name = Base; path = Base.lproj/Main.storyboard; sourceTree = "<group>"; };
		764BBF3123FB0D56007C188C /* Contact.xcdatamodel */ = {isa = PBXFileReference; lastKnownFileType = wrapper.xcdatamodel; path = Contact.xcdatamodel; sourceTree = "<group>"; };
		764BBF3323FB0D58007C188C /* Assets.xcassets */ = {isa = PBXFileReference; lastKnownFileType = folder.assetcatalog; path = Assets.xcassets; sourceTree = "<group>"; };
		764BBF3623FB0D58007C188C /* Base */ = {isa = PBXFileReference; lastKnownFileType = file.storyboard; name = Base; path = Base.lproj/LaunchScreen.storyboard; sourceTree = "<group>"; };
		764BBF3823FB0D58007C188C /* Info.plist */ = {isa = PBXFileReference; lastKnownFileType = text.plist.xml; path = Info.plist; sourceTree = "<group>"; };
		764BBF3D23FB0D58007C188C /* ContactTests.xctest */ = {isa = PBXFileReference; explicitFileType = wrapper.cfbundle; includeInIndex = 0; path = ContactTests.xctest; sourceTree = BUILT_PRODUCTS_DIR; };
		764BBF4123FB0D58007C188C /* ContactTests.swift */ = {isa = PBXFileReference; lastKnownFileType = sourcecode.swift; path = ContactTests.swift; sourceTree = "<group>"; };
		764BBF4323FB0D58007C188C /* Info.plist */ = {isa = PBXFileReference; lastKnownFileType = text.plist.xml; path = Info.plist; sourceTree = "<group>"; };
/* End PBXFileReference section */

/* Begin PBXFrameworksBuildPhase section */
		764BBF2123FB0D56007C188C /* Frameworks */ = {
			isa = PBXFrameworksBuildPhase;
			buildActionMask = 2147483647;
			files = (
			);
			runOnlyForDeploymentPostprocessing = 0;
		};
		764BBF3A23FB0D58007C188C /* Frameworks */ = {
			isa = PBXFrameworksBuildPhase;
			buildActionMask = 2147483647;
			files = (
			);
			runOnlyForDeploymentPostprocessing = 0;
		};
/* End PBXFrameworksBuildPhase section */

/* Begin PBXGroup section */
		764BBF1B23FB0D56007C188C = {
			isa = PBXGroup;
			children = (
				764BBF2623FB0D56007C188C /* Contact */,
				764BBF4023FB0D58007C188C /* ContactTests */,
				764BBF2523FB0D56007C188C /* Products */,
			);
			sourceTree = "<group>";
		};
		764BBF2523FB0D56007C188C /* Products */ = {
			isa = PBXGroup;
			children = (
				764BBF2423FB0D56007C188C /* Contact.app */,
				764BBF3D23FB0D58007C188C /* ContactTests.xctest */,
			);
			name = Products;
			sourceTree = "<group>";
		};
		764BBF2623FB0D56007C188C /* Contact */ = {
			isa = PBXGroup;
			children = (
				764BBF2723FB0D56007C188C /* AppDelegate.swift */,
				764BBF2923FB0D56007C188C /* SceneDelegate.swift */,
				764BBF2B23FB0D56007C188C /* ViewController.swift */,
				764BBF2D23FB0D56007C188C /* Main.storyboard */,
				764BBF3323FB0D58007C188C /* Assets.xcassets */,
				764BBF3523FB0D58007C188C /* LaunchScreen.storyboard */,
				764BBF3823FB0D58007C188C /* Info.plist */,
				764BBF3023FB0D56007C188C /* Contact.xcdatamodeld */,
			);
			path = Contact;
			sourceTree = "<group>";
		};
		764BBF4023FB0D58007C188C /* ContactTests */ = {
			isa = PBXGroup;
			children = (
				764BBF4123FB0D58007C188C /* ContactTests.swift */,
				764BBF4323FB0D58007C188C /* Info.plist */,
			);
			path = ContactTests;
			sourceTree = "<group>";
		};
/* End PBXGroup section */

/* Begin PBXNativeTarget section */
		764BBF2323FB0D56007C188C /* Contact */ = {
			isa = PBXNativeTarget;
			buildConfigurationList = 764BBF4623FB0D58007C188C /* Build configuration list for PBXNativeTarget "Contact" */;
			buildPhases = (
				764BBF2023FB0D56007C188C /* Sources */,
				764BBF2123FB0D56007C188C /* Frameworks */,
				764BBF2223FB0D56007C188C /* Resources */,
			);
			buildRules = (
			);
			dependencies = (
			);
			name = Contact;
			productName = Contact;
			productReference = 764BBF2423FB0D56007C188C /* Contact.app */;
			productType = "com.apple.product-type.application";
		};
		764BBF3C23FB0D58007C188C /* ContactTests */ = {
			isa = PBXNativeTarget;
			buildConfigurationList = 764BBF4923FB0D58007C188C /* Build configuration list for PBXNativeTarget "ContactTests" */;
			buildPhases = (
				764BBF3923FB0D58007C188C /* Sources */,
				764BBF3A23FB0D58007C188C /* Frameworks */,
				764BBF3B23FB0D58007C188C /* Resources */,
			);
			buildRules = (
			);
			dependencies = (
				764BBF3F23FB0D58007C188C /* PBXTargetDependency */,
			);
			name = ContactTests;
			productName = ContactTests;
			productReference = 764BBF3D23FB0D58007C188C /* ContactTests.xctest */;
			productType = "com.apple.product-type.bundle.unit-test";
		};
/* End PBXNativeTarget section */

/* Begin PBXProject section */
		764BBF1C23FB0D56007C188C /* Project object */ = {
			isa = PBXProject;
			attributes = {
				LastSwiftUpdateCheck = 1130;
				LastUpgradeCheck = 1130;
				ORGANIZATIONNAME = Sample;
				TargetAttributes = {
					764BBF2323FB0D56007C188C = {
						CreatedOnToolsVersion = 11.3.1;
					};
					764BBF3C23FB0D58007C188C = {
						CreatedOnToolsVersion = 11.3.1;
						TestTargetID = 764BBF2323FB0D56007C188C;
					};
				};
			};
			buildConfigurationList = 764BBF1F23FB0D56007C188C /* Build configuration list for PBXProject "Contact" */;
			compatibilityVersion = "Xcode 9.3";
			developmentRegion = en;
			hasScannedForEncodings = 0;
			knownRegions = (
				en,
				Base,
			);
			mainGroup = 764BBF1B23FB0D56007C188C;
			productRefGroup = 764BBF2523FB0D56007C188C /* Products */;
			projectDirPath = "";
			projectRoot = "";
			targets = (
				764BBF2323FB0D56007C188C /* Contact */,
				764BBF3C23FB0D58007C188C /* ContactTests */,
			);
		};
/* End PBXProject section */

/* Begin PBXResourcesBuildPhase section */
		764BBF2223FB0D56007C188C /* Resources */ = {
			isa = PBXResourcesBuildPhase;
			buildActionMask = 2147483647;
			files = (
				764BBF3723FB0D58007C188C /* LaunchScreen.storyboard in Resources */,
				764BBF3423FB0D58007C188C /* Assets.xcassets in Resources */,
				764BBF2F23FB0D56007C188C /* Main.storyboard in Resources */,
			);
			runOnlyForDeploymentPostprocessing = 0;
		};
		764BBF3B23FB0D58007C188C /* Resources */ = {
			isa = PBXResourcesBuildPhase;
			buildActionMask = 2147483647;
			files = (
			);
			runOnlyForDeploymentPostprocessing = 0;
		};
/* End PBXResourcesBuildPhase section */

/* Begin PBXSourcesBuildPhase section */
		764BBF2023FB0D56007C188C /* Sources */ = {
			isa = PBXSourcesBuildPhase;
			buildActionMask = 2147483647;
			files = (
				764BBF3223FB0D56007C188C /* Contact.xcdatamodeld in Sources */,
				764BBF2C23FB0D56007C188C /* ViewController.swift in Sources */,
				764BBF2823FB0D56007C188C /* AppDelegate.swift in Sources */,
				764BBF2A23FB0D56007C188C /* SceneDelegate.swift in Sources */,
			);
			runOnlyForDeploymentPostprocessing = 0;
		};
		764BBF3923FB0D58007C188C /* Sources */ = {
			isa = PBXSourcesBuildPhase;
			buildActionMask = 2147483647;
			files = (
				764BBF4223FB0D58007C188C /* ContactTests.swift in Sources */,
			);
			runOnlyForDeploymentPostprocessing = 0;
		};
/* End PBXSourcesBuildPhase section */

/* Begin PBXTargetDependency section */
		764BBF3F23FB0D58007C188C /* PBXTargetDependency */ = {
			isa = PBXTargetDependency;
			target = 764BBF2323FB0D56007C188C /* Contact */;
			targetProxy = 764BBF3E23FB0D58007C188C /* PBXContainerItemProxy */;
		};
/* End PBXTargetDependency section */

/* Begin PBXVariantGroup section */
		764BBF2D23FB0D56007C188C /* Main.storyboard */ = {
			isa = PBXVariantGroup;
			children = (
				764BBF2E23FB0D56007C188C /* Base */,
			);
			name = Main.storyboard;
			sourceTree = "<group>";
		};
		764BBF3523FB0D58007C188C /* LaunchScreen.storyboard */ = {
			isa = PBXVariantGroup;
			children = (
				764BBF3623FB0D58007C188C /* Base */,
			);
			name = LaunchScreen.storyboard;
			sourceTree = "<group>";
		};
/* End PBXVariantGroup section */

/* Begin XCBuildConfiguration section */
		764BBF4423FB0D58007C188C /* Debug */ = {
			isa = XCBuildConfiguration;
			buildSettings = {
				ALWAYS_SEARCH_USER_PATHS = NO;
				CLANG_ANALYZER_NONNULL = YES;
				CLANG_ANALYZER_NUMBER_OBJECT_CONVERSION = YES_AGGRESSIVE;
				CLANG_CXX_LANGUAGE_STANDARD = "gnu++14";
				CLANG_CXX_LIBRARY = "libc++";
				CLANG_ENABLE_MODULES = YES;
				CLANG_ENABLE_OBJC_ARC = YES;
				CLANG_ENABLE_OBJC_WEAK = YES;
				CLANG_WARN_BLOCK_CAPTURE_AUTORELEASING = YES;
				CLANG_WARN_BOOL_CONVERSION = YES;
				CLANG_WARN_COMMA = YES;
				CLANG_WARN_CONSTANT_CONVERSION = YES;
				CLANG_WARN_DEPRECATED_OBJC_IMPLEMENTATIONS = YES;
				CLANG_WARN_DIRECT_OBJC_ISA_USAGE = YES_ERROR;
				CLANG_WARN_DOCUMENTATION_COMMENTS = YES;
				CLANG_WARN_EMPTY_BODY = YES;
				CLANG_WARN_ENUM_CONVERSION = YES;
				CLANG_WARN_INFINITE_RECURSION = YES;
				CLANG_WARN_INT_CONVERSION = YES;
				CLANG_WARN_NON_LITERAL_NULL_CONVERSION = YES;
				CLANG_WARN_OBJC_IMPLICIT_RETAIN_SELF = YES;
				CLANG_WARN_OBJC_LITERAL_CONVERSION = YES;
				CLANG_WARN_OBJC_ROOT_CLASS = YES_ERROR;
				CLANG_WARN_RANGE_LOOP_ANALYSIS = YES;
				CLANG_WARN_STRICT_PROTOTYPES = YES;
				CLANG_WARN_SUSPICIOUS_MOVE = YES;
				CLANG_WARN_UNGUARDED_AVAILABILITY = YES_AGGRESSIVE;
				CLANG_WARN_UNREACHABLE_CODE = YES;
				CLANG_WARN__DUPLICATE_METHOD_MATCH = YES;
				COPY_PHASE_STRIP = NO;
				DEBUG_INFORMATION_FORMAT = dwarf;
				ENABLE_STRICT_OBJC_MSGSEND = YES;
				ENABLE_TESTABILITY = YES;
				GCC_C_LANGUAGE_STANDARD = gnu11;
				GCC_DYNAMIC_NO_PIC = NO;
				GCC_NO_COMMON_BLOCKS = YES;
				GCC_OPTIMIZATION_LEVEL = 0;
				GCC_PREPROCESSOR_DEFINITIONS = (
					"DEBUG=1",
					"$(inherited)",
				);
				GCC_WARN_64_TO_32_BIT_CONVERSION = YES;
				GCC_WARN_ABOUT_RETURN_TYPE = YES_ERROR;
				GCC_WARN_UNDECLARED_SELECTOR = YES;
				GCC_WARN_UNINITIALIZED_AUTOS = YES_AGGRESSIVE;
				GCC_WARN_UNUSED_FUNCTION = YES;
				GCC_WARN_UNUSED_VARIABLE = YES;
				IPHONEOS_DEPLOYMENT_TARGET = 13.2;
				MTL_ENABLE_DEBUG_INFO = INCLUDE_SOURCE;
				MTL_FAST_MATH = YES;
				ONLY_ACTIVE_ARCH = YES;
				SDKROOT = iphoneos;
				SWIFT_ACTIVE_COMPILATION_CONDITIONS = DEBUG;
				SWIFT_OPTIMIZATION_LEVEL = "-Onone";
			};
			name = Debug;
		};
		764BBF4523FB0D58007C188C /* Release */ = {
			isa = XCBuildConfiguration;
			buildSettings = {
				ALWAYS_SEARCH_USER_PATHS = NO;
				CLANG_ANALYZER_NONNULL = YES;
				CLANG_ANALYZER_NUMBER_OBJECT_CONVERSION = YES_AGGRESSIVE;
				CLANG_CXX_LANGUAGE_STANDARD = "gnu++14";
				CLANG_CXX_LIBRARY = "libc++";
				CLANG_ENABLE_MODULES = YES;
				CLANG_ENABLE_OBJC_ARC = YES;
				CLANG_ENABLE_OBJC_WEAK = YES;
				CLANG_WARN_BLOCK_CAPTURE_AUTORELEASING = YES;
				CLANG_WARN_BOOL_CONVERSION = YES;
				CLANG_WARN_COMMA = YES;
				CLANG_WARN_CONSTANT_CONVERSION = YES;
				CLANG_WARN_DEPRECATED_OBJC_IMPLEMENTATIONS = YES;
				CLANG_WARN_DIRECT_OBJC_ISA_USAGE = YES_ERROR;
				CLANG_WARN_DOCUMENTATION_COMMENTS = YES;
				CLANG_WARN_EMPTY_BODY = YES;
				CLANG_WARN_ENUM_CONVERSION = YES;
				CLANG_WARN_INFINITE_RECURSION = YES;
				CLANG_WARN_INT_CONVERSION = YES;
				CLANG_WARN_NON_LITERAL_NULL_CONVERSION = YES;
				CLANG_WARN_OBJC_IMPLICIT_RETAIN_SELF = YES;
				CLANG_WARN_OBJC_LITERAL_CONVERSION = YES;
				CLANG_WARN_OBJC_ROOT_CLASS = YES_ERROR;
				CLANG_WARN_RANGE_LOOP_ANALYSIS = YES;
				CLANG_WARN_STRICT_PROTOTYPES = YES;
				CLANG_WARN_SUSPICIOUS_MOVE = YES;
				CLANG_WARN_UNGUARDED_AVAILABILITY = YES_AGGRESSIVE;
				CLANG_WARN_UNREACHABLE_CODE = YES;
				CLANG_WARN__DUPLICATE_METHOD_MATCH = YES;
				COPY_PHASE_STRIP = NO;
				DEBUG_INFORMATION_FORMAT = "dwarf-with-dsym";
				ENABLE_NS_ASSERTIONS = NO;
				ENABLE_STRICT_OBJC_MSGSEND = YES;
				GCC_C_LANGUAGE_STANDARD = gnu11;
				GCC_NO_COMMON_BLOCKS = YES;
				GCC_WARN_64_TO_32_BIT_CONVERSION = YES;
				GCC_WARN_ABOUT_RETURN_TYPE = YES_ERROR;
				GCC_WARN_UNDECLARED_SELECTOR = YES;
				GCC_WARN_UNINITIALIZED_AUTOS = YES_AGGRESSIVE;
				GCC_WARN_UNUSED_FUNCTION = YES;
				GCC_WARN_UNUSED_VARIABLE = YES;
				IPHONEOS_DEPLOYMENT_TARGET = 13.2;
				MTL_ENABLE_DEBUG_INFO = NO;
				MTL_FAST_MATH = YES;
				SDKROOT = iphoneos;
				SWIFT_COMPILATION_MODE = wholemodule;
				SWIFT_OPTIMIZATION_LEVEL = "-O";
				VALIDATE_PRODUCT = YES;
			};
			name = Release;
		};
		764BBF4723FB0D58007C188C /* Debug */ = {
			isa = XCBuildConfiguration;
			buildSettings = {
				ASSETCATALOG_COMPILER_APPICON_NAME = AppIcon;
				CODE_SIGN_STYLE = Automatic;
				INFOPLIST_FILE = Contact/Info.plist;
				LD_RUNPATH_SEARCH_PATHS = (
					"$(inherited)",
					"@executable_path/Frameworks",
				);
				PRODUCT_BUNDLE_IDENTIFIER = Sample.Contact;
				PRODUCT_NAME = "$(TARGET_NAME)";
				SWIFT_VERSION = 5.0;
				TARGETED_DEVICE_FAMILY = "1,2";
			};
			name = Debug;
		};
		764BBF4823FB0D58007C188C /* Release */ = {
			isa = XCBuildConfiguration;
			buildSettings = {
				ASSETCATALOG_COMPILER_APPICON_NAME = AppIcon;
				CODE_SIGN_STYLE = Automatic;
				INFOPLIST_FILE = Contact/Info.plist;
				LD_RUNPATH_SEARCH_PATHS = (
					"$(inherited)",
					"@executable_path/Frameworks",
				);
				PRODUCT_BUNDLE_IDENTIFIER = Sample.Contact;
				PRODUCT_NAME = "$(TARGET_NAME)";
				SWIFT_VERSION = 5.0;
				TARGETED_DEVICE_FAMILY = "1,2";
			};
			name = Release;
		};
		764BBF4A23FB0D58007C188C /* Debug */ = {
			isa = XCBuildConfiguration;
			buildSettings = {
				ALWAYS_EMBED_SWIFT_STANDARD_LIBRARIES = YES;
				BUNDLE_LOADER = "$(TEST_HOST)";
				CODE_SIGN_STYLE = Automatic;
				INFOPLIST_FILE = ContactTests/Info.plist;
				IPHONEOS_DEPLOYMENT_TARGET = 13.2;
				LD_RUNPATH_SEARCH_PATHS = (
					"$(inherited)",
					"@executable_path/Frameworks",
					"@loader_path/Frameworks",
				);
				PRODUCT_BUNDLE_IDENTIFIER = Sample.ContactTests;
				PRODUCT_NAME = "$(TARGET_NAME)";
				SWIFT_VERSION = 5.0;
				TARGETED_DEVICE_FAMILY = "1,2";
				TEST_HOST = "$(BUILT_PRODUCTS_DIR)/Contact.app/Contact";
			};
			name = Debug;
		};
		764BBF4B23FB0D58007C188C /* Release */ = {
			isa = XCBuildConfiguration;
			buildSettings = {
				ALWAYS_EMBED_SWIFT_STANDARD_LIBRARIES = YES;
				BUNDLE_LOADER = "$(TEST_HOST)";
				CODE_SIGN_STYLE = Automatic;
				INFOPLIST_FILE = ContactTests/Info.plist;
				IPHONEOS_DEPLOYMENT_TARGET = 13.2;
				LD_RUNPATH_SEARCH_PATHS = (
					"$(inherited)",
					"@executable_path/Frameworks",
					"@loader_path/Frameworks",
				);
				PRODUCT_BUNDLE_IDENTIFIER = Sample.ContactTests;
				PRODUCT_NAME = "$(TARGET_NAME)";
				SWIFT_VERSION = 5.0;
				TARGETED_DEVICE_FAMILY = "1,2";
				TEST_HOST = "$(BUILT_PRODUCTS_DIR)/Contact.app/Contact";
			};
			name = Release;
		};
/* End XCBuildConfiguration section */

/* Begin XCConfigurationList section */
		764BBF1F23FB0D56007C188C /* Build configuration list for PBXProject "Contact" */ = {
			isa = XCConfigurationList;
			buildConfigurations = (
				764BBF4423FB0D58007C188C /* Debug */,
				764BBF4523FB0D58007C188C /* Release */,
			);
			defaultConfigurationIsVisible = 0;
			defaultConfigurationName = Release;
		};
		764BBF4623FB0D58007C188C /* Build configuration list for PBXNativeTarget "Contact" */ = {
			isa = XCConfigurationList;
			buildConfigurations = (
				764BBF4723FB0D58007C188C /* Debug */,
				764BBF4823FB0D58007C188C /* Release */,
			);
			defaultConfigurationIsVisible = 0;
			defaultConfigurationName = Release;
		};
		764BBF4923FB0D58007C188C /* Build configuration list for PBXNativeTarget "ContactTests" */ = {
			isa = XCConfigurationList;
			buildConfigurations = (
				764BBF4A23FB0D58007C188C /* Debug */,
				764BBF4B23FB0D58007C188C /* Release */,
			);
			defaultConfigurationIsVisible = 0;
			defaultConfigurationName = Release;
		};
/* End XCConfigurationList section */

/* Begin XCVersionGroup section */
		764BBF3023FB0D56007C188C /* Contact.xcdatamodeld */ = {
			isa = XCVersionGroup;
			children = (
				764BBF3123FB0D56007C188C /* Contact.xcdatamodel */,
			);
			currentVersion = 764BBF3123FB0D56007C188C /* Contact.xcdatamodel */;
			path = Contact.xcdatamodeld;
			sourceTree = "<group>";
			versionGroupType = wrapper.xcdatamodel;
		};
/* End XCVersionGroup section */
	};
	rootObject = 764BBF1C23FB0D56007C188C /* Project object */;
}
